PODS:
  - Bolts/Tasks (1.9.1)
  - FBSDKCoreKit (6.5.2):
    - FBSDKCoreKit/Basics (= 6.5.2)
    - FBSDKCoreKit/Core (= 6.5.2)
  - FBSDKCoreKit/Basics (6.5.2)
  - FBSDKCoreKit/Core (6.5.2):
    - FBSDKCoreKit/Basics
  - FBSDKLoginKit (6.5.2):
    - FBSDKLoginKit/Login (= 6.5.2)
  - FBSDKLoginKit/Login (6.5.2):
    - FBSDKCoreKit (~> 6.5.2)
  - Parse (1.19.1):
    - Parse/Core (= 1.19.1)
  - Parse/Core (1.19.1):
    - Bolts/Tasks (= 1.9.1)
  - Parse/FacebookUtils (1.19.1):
    - Bolts/Tasks (~> 1.9.1)
    - FBSDKLoginKit (~> 6.x)
    - Parse/Core

DEPENDENCIES:
  - Parse (= 1.19.1)
  - Parse/FacebookUtils (= 1.19.1)

SPEC REPOS:
  trunk:
    - Bolts
    - FBSDKCoreKit
    - FBSDKLoginKit
    - Parse

SPEC CHECKSUMS:
  Bolts: 8c1e8aab2f603387b8b9924f57d1d64f43d3ffdc
  FBSDKCoreKit: ada5c8a05188daefc9addb985c52b8a1b26da519
  FBSDKLoginKit: caa165495afa29a12324cb2307fe6e5b33783142
  Parse: e40fdb9c7d665823b7fe9865949cac9a53eb2ce7

PODFILE CHECKSUM: 76e87ba3d7375b906e5166ac38b8471915affbe1

COCOAPODS: 1.10.0
