// !$*UTF8*$!
{
	archiveVersion = 1;
	classes = {
	};
	objectVersion = 53;
	objects = {

/* Begin PBXBuildFile section */
		14FE562BE582C01D2EFD4BB3 /* Pods_DotrixGames.framework in Frameworks */ = {isa = PBXBuildFile; fileRef = 65640F599AD2A8AC8C8AA4FE /* Pods_DotrixGames.framework */; };
		B52C4A8A25DDB04900F19C0C /* EventObject.swift in Sources */ = {isa = PBXBuildFile; fileRef = B52C4A8925DDB04900F19C0C /* EventObject.swift */; };
		B52C4A8C25DDB47400F19C0C /* testView.swift in Sources */ = {isa = PBXBuildFile; fileRef = B52C4A8B25DDB47400F19C0C /* testView.swift */; };
		B52C4A8E25DDB6C700F19C0C /* EventStorage.swift in Sources */ = {isa = PBXBuildFile; fileRef = B52C4A8D25DDB6C700F19C0C /* EventStorage.swift */; };
		B52D054825705B4000526B23 /* RegistrationView.swift in Sources */ = {isa = PBXBuildFile; fileRef = B52D054725705B4000526B23 /* RegistrationView.swift */; };
		B52D8D612569827B004F5ED7 /* AppDelegate.swift in Sources */ = {isa = PBXBuildFile; fileRef = B52D8D602569827B004F5ED7 /* AppDelegate.swift */; };
		B52D8D632569827B004F5ED7 /* SceneDelegate.swift in Sources */ = {isa = PBXBuildFile; fileRef = B52D8D622569827B004F5ED7 /* SceneDelegate.swift */; };
		B52D8D652569827B004F5ED7 /* ContentView.swift in Sources */ = {isa = PBXBuildFile; fileRef = B52D8D642569827B004F5ED7 /* ContentView.swift */; };
		B52D8D672569827C004F5ED7 /* Assets.xcassets in Resources */ = {isa = PBXBuildFile; fileRef = B52D8D662569827C004F5ED7 /* Assets.xcassets */; };
		B52D8D6A2569827C004F5ED7 /* Preview Assets.xcassets in Resources */ = {isa = PBXBuildFile; fileRef = B52D8D692569827C004F5ED7 /* Preview Assets.xcassets */; };
		B52D8D6D2569827C004F5ED7 /* LaunchScreen.storyboard in Resources */ = {isa = PBXBuildFile; fileRef = B52D8D6B2569827C004F5ED7 /* LaunchScreen.storyboard */; };
		B52DE4C325DF1C5500C83BF3 /* ModelAddNewEventView.swift in Sources */ = {isa = PBXBuildFile; fileRef = B52DE4C225DF1C5500C83BF3 /* ModelAddNewEventView.swift */; };
		B52DE4C525DF1CF200C83BF3 /* AddNewEventViewModel.swift in Sources */ = {isa = PBXBuildFile; fileRef = B52DE4C425DF1CF200C83BF3 /* AddNewEventViewModel.swift */; };
		B52E83D025B4415900CC8F44 /* EventListModel.swift in Sources */ = {isa = PBXBuildFile; fileRef = B52E83CF25B4415900CC8F44 /* EventListModel.swift */; };
		B52E83D225B4575F00CC8F44 /* EventListViewModel.swift in Sources */ = {isa = PBXBuildFile; fileRef = B52E83D125B4575F00CC8F44 /* EventListViewModel.swift */; };
		B52E83D425B4667300CC8F44 /* ViewForShowingEventList.swift in Sources */ = {isa = PBXBuildFile; fileRef = B52E83D325B4667300CC8F44 /* ViewForShowingEventList.swift */; };
		B5389B792573D45400FA2404 /* ViewForAddingNewEvent.swift in Sources */ = {isa = PBXBuildFile; fileRef = B5389B782573D45400FA2404 /* ViewForAddingNewEvent.swift */; };
		B5389B7F2573D79F00FA2404 /* MapView.swift in Sources */ = {isa = PBXBuildFile; fileRef = B5389B7E2573D79F00FA2404 /* MapView.swift */; };
		B5389B812573DAAE00FA2404 /* LoginModel.swift in Sources */ = {isa = PBXBuildFile; fileRef = B5389B802573DAAE00FA2404 /* LoginModel.swift */; };
		B5439733256B25D100413283 /* MapModelView.swift in Sources */ = {isa = PBXBuildFile; fileRef = B5439732256B25D100413283 /* MapModelView.swift */; };
		B552DD71257856BF00374A5D /* LoginViewController.swift in Sources */ = {isa = PBXBuildFile; fileRef = B552DD70257856BF00374A5D /* LoginViewController.swift */; };
		B562DF8525E58BB5003DD83E /* EventFetcher.swift in Sources */ = {isa = PBXBuildFile; fileRef = B562DF8425E58BB5003DD83E /* EventFetcher.swift */; };
		B563F83A264C7ED400DE0E50 /* EventDatePickerView.swift in Sources */ = {isa = PBXBuildFile; fileRef = B563F839264C7ED400DE0E50 /* EventDatePickerView.swift */; };
		B58232922610BC6100D043F2 /* MyEventsList.swift in Sources */ = {isa = PBXBuildFile; fileRef = B58232912610BC6100D043F2 /* MyEventsList.swift */; };
		B5824AC0264839F000E571E0 /* EventsNavigationController.swift in Sources */ = {isa = PBXBuildFile; fileRef = B5824ABF264839F000E571E0 /* EventsNavigationController.swift */; };
		B58ACDA0262785820072404F /* EditEvent.swift in Sources */ = {isa = PBXBuildFile; fileRef = B58ACD9F262785820072404F /* EditEvent.swift */; };
		B58CE41D261B7CA50066BCAD /* MyEventsViewModel.swift in Sources */ = {isa = PBXBuildFile; fileRef = B58CE41C261B7CA50066BCAD /* MyEventsViewModel.swift */; };
		B5916F7125E71C760086C479 /* AddNewEventView.swift in Sources */ = {isa = PBXBuildFile; fileRef = B5916F7025E71C760086C479 /* AddNewEventView.swift */; };
		B59F75AF26515A2F0015978D /* MultiLineTextField.swift in Sources */ = {isa = PBXBuildFile; fileRef = B59F75AE26515A2F0015978D /* MultiLineTextField.swift */; };
		B5A7833A25E4731800018767 /* DisplayEventView.swift in Sources */ = {isa = PBXBuildFile; fileRef = B5A7833925E4731800018767 /* DisplayEventView.swift */; };
		B5FAE5CA258FFC1900AFDADE /* SignUp.swift in Sources */ = {isa = PBXBuildFile; fileRef = B5FAE5C9258FFC1900AFDADE /* SignUp.swift */; };
		B7225A23256EED3E0093F5C6 /* ParseClientConfigurator.swift in Sources */ = {isa = PBXBuildFile; fileRef = B7225A22256EED3E0093F5C6 /* ParseClientConfigurator.swift */; };
		B7225A2B256EF19F0093F5C6 /* LoginView.swift in Sources */ = {isa = PBXBuildFile; fileRef = B7225A2A256EF19F0093F5C6 /* LoginView.swift */; };
		B7D1549E2584CD3A0070759B /* ElegantCalendar in Frameworks */ = {isa = PBXBuildFile; productRef = B7D1549D2584CD3A0070759B /* ElegantCalendar */; };
		B7D154A52584CD620070759B /* CalendarView.swift in Sources */ = {isa = PBXBuildFile; fileRef = B7D154A42584CD620070759B /* CalendarView.swift */; };
		B7D154AC2584CFD30070759B /* AuthorizaionManager.swift in Sources */ = {isa = PBXBuildFile; fileRef = B7D154AB2584CFD30070759B /* AuthorizaionManager.swift */; };
/* End PBXBuildFile section */

/* Begin PBXFileReference section */
		65640F599AD2A8AC8C8AA4FE /* Pods_DotrixGames.framework */ = {isa = PBXFileReference; explicitFileType = wrapper.framework; includeInIndex = 0; path = Pods_DotrixGames.framework; sourceTree = BUILT_PRODUCTS_DIR; };
		7D1FA00DC095A6005FAC1F9B /* Pods-DotrixGames.release.xcconfig */ = {isa = PBXFileReference; includeInIndex = 1; lastKnownFileType = text.xcconfig; name = "Pods-DotrixGames.release.xcconfig"; path = "Target Support Files/Pods-DotrixGames/Pods-DotrixGames.release.xcconfig"; sourceTree = "<group>"; };
		84EA523E8E43E800E9EE1D70 /* Pods-DotrixGames.debug.xcconfig */ = {isa = PBXFileReference; includeInIndex = 1; lastKnownFileType = text.xcconfig; name = "Pods-DotrixGames.debug.xcconfig"; path = "Target Support Files/Pods-DotrixGames/Pods-DotrixGames.debug.xcconfig"; sourceTree = "<group>"; };
		B52C4A8925DDB04900F19C0C /* EventObject.swift */ = {isa = PBXFileReference; lastKnownFileType = sourcecode.swift; path = EventObject.swift; sourceTree = "<group>"; };
		B52C4A8B25DDB47400F19C0C /* testView.swift */ = {isa = PBXFileReference; lastKnownFileType = sourcecode.swift; path = testView.swift; sourceTree = "<group>"; };
		B52C4A8D25DDB6C700F19C0C /* EventStorage.swift */ = {isa = PBXFileReference; lastKnownFileType = sourcecode.swift; path = EventStorage.swift; sourceTree = "<group>"; };
		B52D054725705B4000526B23 /* RegistrationView.swift */ = {isa = PBXFileReference; lastKnownFileType = sourcecode.swift; path = RegistrationView.swift; sourceTree = "<group>"; };
		B52D8D5D2569827B004F5ED7 /* DotrixGames.app */ = {isa = PBXFileReference; explicitFileType = wrapper.application; includeInIndex = 0; path = DotrixGames.app; sourceTree = BUILT_PRODUCTS_DIR; };
		B52D8D602569827B004F5ED7 /* AppDelegate.swift */ = {isa = PBXFileReference; lastKnownFileType = sourcecode.swift; path = AppDelegate.swift; sourceTree = "<group>"; };
		B52D8D622569827B004F5ED7 /* SceneDelegate.swift */ = {isa = PBXFileReference; lastKnownFileType = sourcecode.swift; path = SceneDelegate.swift; sourceTree = "<group>"; };
		B52D8D642569827B004F5ED7 /* ContentView.swift */ = {isa = PBXFileReference; lastKnownFileType = sourcecode.swift; path = ContentView.swift; sourceTree = "<group>"; };
		B52D8D662569827C004F5ED7 /* Assets.xcassets */ = {isa = PBXFileReference; lastKnownFileType = folder.assetcatalog; path = Assets.xcassets; sourceTree = "<group>"; };
		B52D8D692569827C004F5ED7 /* Preview Assets.xcassets */ = {isa = PBXFileReference; lastKnownFileType = folder.assetcatalog; path = "Preview Assets.xcassets"; sourceTree = "<group>"; };
		B52D8D6C2569827C004F5ED7 /* Base */ = {isa = PBXFileReference; lastKnownFileType = file.storyboard; name = Base; path = Base.lproj/LaunchScreen.storyboard; sourceTree = "<group>"; };
		B52D8D6E2569827C004F5ED7 /* Info.plist */ = {isa = PBXFileReference; lastKnownFileType = text.plist.xml; path = Info.plist; sourceTree = "<group>"; };
		B52DE4C225DF1C5500C83BF3 /* ModelAddNewEventView.swift */ = {isa = PBXFileReference; lastKnownFileType = sourcecode.swift; path = ModelAddNewEventView.swift; sourceTree = "<group>"; };
		B52DE4C425DF1CF200C83BF3 /* AddNewEventViewModel.swift */ = {isa = PBXFileReference; lastKnownFileType = sourcecode.swift; path = AddNewEventViewModel.swift; sourceTree = "<group>"; };
		B52E83CF25B4415900CC8F44 /* EventListModel.swift */ = {isa = PBXFileReference; lastKnownFileType = sourcecode.swift; path = EventListModel.swift; sourceTree = "<group>"; };
		B52E83D125B4575F00CC8F44 /* EventListViewModel.swift */ = {isa = PBXFileReference; lastKnownFileType = sourcecode.swift; path = EventListViewModel.swift; sourceTree = "<group>"; };
		B52E83D325B4667300CC8F44 /* ViewForShowingEventList.swift */ = {isa = PBXFileReference; lastKnownFileType = sourcecode.swift; path = ViewForShowingEventList.swift; sourceTree = "<group>"; };
		B5389B782573D45400FA2404 /* ViewForAddingNewEvent.swift */ = {isa = PBXFileReference; lastKnownFileType = sourcecode.swift; path = ViewForAddingNewEvent.swift; sourceTree = "<group>"; };
		B5389B7E2573D79F00FA2404 /* MapView.swift */ = {isa = PBXFileReference; lastKnownFileType = sourcecode.swift; path = MapView.swift; sourceTree = "<group>"; };
		B5389B802573DAAE00FA2404 /* LoginModel.swift */ = {isa = PBXFileReference; lastKnownFileType = sourcecode.swift; path = LoginModel.swift; sourceTree = "<group>"; };
		B5439732256B25D100413283 /* MapModelView.swift */ = {isa = PBXFileReference; lastKnownFileType = sourcecode.swift; path = MapModelView.swift; sourceTree = "<group>"; };
		B552DD70257856BF00374A5D /* LoginViewController.swift */ = {isa = PBXFileReference; lastKnownFileType = sourcecode.swift; path = LoginViewController.swift; sourceTree = "<group>"; };
		B562DF8425E58BB5003DD83E /* EventFetcher.swift */ = {isa = PBXFileReference; lastKnownFileType = sourcecode.swift; path = EventFetcher.swift; sourceTree = "<group>"; };
		B563F839264C7ED400DE0E50 /* EventDatePickerView.swift */ = {isa = PBXFileReference; lastKnownFileType = sourcecode.swift; path = EventDatePickerView.swift; sourceTree = "<group>"; };
		B58232912610BC6100D043F2 /* MyEventsList.swift */ = {isa = PBXFileReference; lastKnownFileType = sourcecode.swift; path = MyEventsList.swift; sourceTree = "<group>"; };
		B5824ABF264839F000E571E0 /* EventsNavigationController.swift */ = {isa = PBXFileReference; lastKnownFileType = sourcecode.swift; path = EventsNavigationController.swift; sourceTree = "<group>"; };
		B58ACD9F262785820072404F /* EditEvent.swift */ = {isa = PBXFileReference; lastKnownFileType = sourcecode.swift; path = EditEvent.swift; sourceTree = "<group>"; };
		B58CE41C261B7CA50066BCAD /* MyEventsViewModel.swift */ = {isa = PBXFileReference; lastKnownFileType = sourcecode.swift; path = MyEventsViewModel.swift; sourceTree = "<group>"; };
		B5916F7025E71C760086C479 /* AddNewEventView.swift */ = {isa = PBXFileReference; lastKnownFileType = sourcecode.swift; path = AddNewEventView.swift; sourceTree = "<group>"; };
		B59F75AE26515A2F0015978D /* MultiLineTextField.swift */ = {isa = PBXFileReference; lastKnownFileType = sourcecode.swift; path = MultiLineTextField.swift; sourceTree = "<group>"; };
		B5A7833925E4731800018767 /* DisplayEventView.swift */ = {isa = PBXFileReference; lastKnownFileType = sourcecode.swift; path = DisplayEventView.swift; sourceTree = "<group>"; };
		B5FAE5C9258FFC1900AFDADE /* SignUp.swift */ = {isa = PBXFileReference; lastKnownFileType = sourcecode.swift; path = SignUp.swift; sourceTree = "<group>"; };
		B7225A22256EED3E0093F5C6 /* ParseClientConfigurator.swift */ = {isa = PBXFileReference; lastKnownFileType = sourcecode.swift; path = ParseClientConfigurator.swift; sourceTree = "<group>"; };
		B7225A2A256EF19F0093F5C6 /* LoginView.swift */ = {isa = PBXFileReference; lastKnownFileType = sourcecode.swift; path = LoginView.swift; sourceTree = "<group>"; };
		B7D154A42584CD620070759B /* CalendarView.swift */ = {isa = PBXFileReference; lastKnownFileType = sourcecode.swift; path = CalendarView.swift; sourceTree = "<group>"; };
		B7D154AB2584CFD30070759B /* AuthorizaionManager.swift */ = {isa = PBXFileReference; lastKnownFileType = sourcecode.swift; path = AuthorizaionManager.swift; sourceTree = "<group>"; };
/* End PBXFileReference section */

/* Begin PBXFrameworksBuildPhase section */
		B52D8D5A2569827B004F5ED7 /* Frameworks */ = {
			isa = PBXFrameworksBuildPhase;
			buildActionMask = 2147483647;
			files = (
				B7D1549E2584CD3A0070759B /* ElegantCalendar in Frameworks */,
				14FE562BE582C01D2EFD4BB3 /* Pods_DotrixGames.framework in Frameworks */,
			);
			runOnlyForDeploymentPostprocessing = 0;
		};
/* End PBXFrameworksBuildPhase section */

/* Begin PBXGroup section */
		342E7222D9AC6BE3E53F4056 /* Pods */ = {
			isa = PBXGroup;
			children = (
				84EA523E8E43E800E9EE1D70 /* Pods-DotrixGames.debug.xcconfig */,
				7D1FA00DC095A6005FAC1F9B /* Pods-DotrixGames.release.xcconfig */,
			);
			path = Pods;
			sourceTree = "<group>";
		};
		78DF9265445F20075293A061 /* Frameworks */ = {
			isa = PBXGroup;
			children = (
				65640F599AD2A8AC8C8AA4FE /* Pods_DotrixGames.framework */,
			);
			name = Frameworks;
			sourceTree = "<group>";
		};
		B52C4A8F25DDB8D100F19C0C /* Events */ = {
			isa = PBXGroup;
			children = (
				B52C4A8925DDB04900F19C0C /* EventObject.swift */,
				B52DE4C225DF1C5500C83BF3 /* ModelAddNewEventView.swift */,
			);
			path = Events;
			sourceTree = "<group>";
		};
		B52C4A9025DDB8FC00F19C0C /* Event */ = {
			isa = PBXGroup;
			children = (
				B5824ABF264839F000E571E0 /* EventsNavigationController.swift */,
				B52DE4C425DF1CF200C83BF3 /* AddNewEventViewModel.swift */,
				B52E83D125B4575F00CC8F44 /* EventListViewModel.swift */,
			);
			path = Event;
			sourceTree = "<group>";
		};
		B52C4A9125DDBA4400F19C0C /* Event */ = {
			isa = PBXGroup;
			children = (
				B5916F7025E71C760086C479 /* AddNewEventView.swift */,
				B563F839264C7ED400DE0E50 /* EventDatePickerView.swift */,
				B5A7833925E4731800018767 /* DisplayEventView.swift */,
				B59F75AE26515A2F0015978D /* MultiLineTextField.swift */,
				B58232912610BC6100D043F2 /* MyEventsList.swift */,
				B58ACD9F262785820072404F /* EditEvent.swift */,
			);
			path = Event;
			sourceTree = "<group>";
		};
		B52D8D542569827B004F5ED7 = {
			isa = PBXGroup;
			children = (
				B52D8D5F2569827B004F5ED7 /* DotrixGames */,
				B52D8D5E2569827B004F5ED7 /* Products */,
				342E7222D9AC6BE3E53F4056 /* Pods */,
				78DF9265445F20075293A061 /* Frameworks */,
			);
			sourceTree = "<group>";
		};
		B52D8D5E2569827B004F5ED7 /* Products */ = {
			isa = PBXGroup;
			children = (
				B52D8D5D2569827B004F5ED7 /* DotrixGames.app */,
			);
			name = Products;
			sourceTree = "<group>";
		};
		B52D8D5F2569827B004F5ED7 /* DotrixGames */ = {
			isa = PBXGroup;
			children = (
				B573A40A25E706210030FC41 /* notInUse */,
				B7D154A02584CD4A0070759B /* Calendar */,
				B5389B762573CA1800FA2404 /* ViewModel */,
				B5389B752573CA0F00FA2404 /* Model */,
				B5389B772573CA2500FA2404 /* View */,
				B7225A1F256EECED0093F5C6 /* Networking */,
				B52D8D602569827B004F5ED7 /* AppDelegate.swift */,
				B52D8D622569827B004F5ED7 /* SceneDelegate.swift */,
				B52D8D642569827B004F5ED7 /* ContentView.swift */,
				B52D8D662569827C004F5ED7 /* Assets.xcassets */,
				B52D8D6B2569827C004F5ED7 /* LaunchScreen.storyboard */,
				B52D8D6E2569827C004F5ED7 /* Info.plist */,
				B52D8D682569827C004F5ED7 /* Preview Content */,
			);
			path = DotrixGames;
			sourceTree = "<group>";
		};
		B52D8D682569827C004F5ED7 /* Preview Content */ = {
			isa = PBXGroup;
			children = (
				B52D8D692569827C004F5ED7 /* Preview Assets.xcassets */,
			);
			path = "Preview Content";
			sourceTree = "<group>";
		};
		B5389B752573CA0F00FA2404 /* Model */ = {
			isa = PBXGroup;
			children = (
				B5389B802573DAAE00FA2404 /* LoginModel.swift */,
				B52C4A8F25DDB8D100F19C0C /* Events */,
			);
			path = Model;
			sourceTree = "<group>";
		};
		B5389B762573CA1800FA2404 /* ViewModel */ = {
			isa = PBXGroup;
			children = (
				B52C4A9025DDB8FC00F19C0C /* Event */,
				B5439732256B25D100413283 /* MapModelView.swift */,
				B5CD79CB2597B0220010C19E /* Login */,
			);
			path = ViewModel;
			sourceTree = "<group>";
		};
		B5389B772573CA2500FA2404 /* View */ = {
			isa = PBXGroup;
			children = (
				B52C4A9125DDBA4400F19C0C /* Event */,
				B7225A25256EF15E0093F5C6 /* Login */,
				B5389B7E2573D79F00FA2404 /* MapView.swift */,
			);
			path = View;
			sourceTree = "<group>";
		};
		B573A40A25E706210030FC41 /* notInUse */ = {
			isa = PBXGroup;
			children = (
				B52E83CF25B4415900CC8F44 /* EventListModel.swift */,
				B58CE41C261B7CA50066BCAD /* MyEventsViewModel.swift */,
				B5389B782573D45400FA2404 /* ViewForAddingNewEvent.swift */,
				B52E83D325B4667300CC8F44 /* ViewForShowingEventList.swift */,
				B52C4A8B25DDB47400F19C0C /* testView.swift */,
				B52C4A8D25DDB6C700F19C0C /* EventStorage.swift */,
			);
			path = notInUse;
			sourceTree = "<group>";
		};
		B5CD79CB2597B0220010C19E /* Login */ = {
			isa = PBXGroup;
			children = (
				B552DD70257856BF00374A5D /* LoginViewController.swift */,
				B7D154AB2584CFD30070759B /* AuthorizaionManager.swift */,
				B5FAE5C9258FFC1900AFDADE /* SignUp.swift */,
			);
			path = Login;
			sourceTree = "<group>";
		};
		B7225A1F256EECED0093F5C6 /* Networking */ = {
			isa = PBXGroup;
			children = (
				B562DF8425E58BB5003DD83E /* EventFetcher.swift */,
				B7225A22256EED3E0093F5C6 /* ParseClientConfigurator.swift */,
			);
			path = Networking;
			sourceTree = "<group>";
		};
		B7225A25256EF15E0093F5C6 /* Login */ = {
			isa = PBXGroup;
			children = (
				B7225A2A256EF19F0093F5C6 /* LoginView.swift */,
				B52D054725705B4000526B23 /* RegistrationView.swift */,
			);
			path = Login;
			sourceTree = "<group>";
		};
		B7D154A02584CD4A0070759B /* Calendar */ = {
			isa = PBXGroup;
			children = (
				B7D154A42584CD620070759B /* CalendarView.swift */,
			);
			path = Calendar;
			sourceTree = "<group>";
		};
/* End PBXGroup section */

/* Begin PBXNativeTarget section */
		B52D8D5C2569827B004F5ED7 /* DotrixGames */ = {
			isa = PBXNativeTarget;
			buildConfigurationList = B52D8D712569827C004F5ED7 /* Build configuration list for PBXNativeTarget "DotrixGames" */;
			buildPhases = (
				0D32D474F1A35FADA1C37C00 /* [CP] Check Pods Manifest.lock */,
				B52D8D592569827B004F5ED7 /* Sources */,
				B52D8D5A2569827B004F5ED7 /* Frameworks */,
				B52D8D5B2569827B004F5ED7 /* Resources */,
				833E367637B8FCC80620D083 /* [CP] Embed Pods Frameworks */,
			);
			buildRules = (
			);
			dependencies = (
			);
			name = DotrixGames;
			packageProductDependencies = (
				B7D1549D2584CD3A0070759B /* ElegantCalendar */,
			);
			productName = DotrixGames;
			productReference = B52D8D5D2569827B004F5ED7 /* DotrixGames.app */;
			productType = "com.apple.product-type.application";
		};
/* End PBXNativeTarget section */

/* Begin PBXProject section */
		B52D8D552569827B004F5ED7 /* Project object */ = {
			isa = PBXProject;
			attributes = {
				LastSwiftUpdateCheck = 1160;
				LastUpgradeCheck = 1250;
				ORGANIZATIONNAME = RafalDX;
				TargetAttributes = {
					B52D8D5C2569827B004F5ED7 = {
						CreatedOnToolsVersion = 11.6;
					};
				};
			};
			buildConfigurationList = B52D8D582569827B004F5ED7 /* Build configuration list for PBXProject "DotrixGames" */;
			compatibilityVersion = "Xcode 11.4";
			developmentRegion = en;
			hasScannedForEncodings = 0;
			knownRegions = (
				en,
				Base,
			);
			mainGroup = B52D8D542569827B004F5ED7;
			packageReferences = (
				B7D1549C2584CD3A0070759B /* XCRemoteSwiftPackageReference "ElegantCalendar" */,
			);
			productRefGroup = B52D8D5E2569827B004F5ED7 /* Products */;
			projectDirPath = "";
			projectRoot = "";
			targets = (
				B52D8D5C2569827B004F5ED7 /* DotrixGames */,
			);
		};
/* End PBXProject section */

/* Begin PBXResourcesBuildPhase section */
		B52D8D5B2569827B004F5ED7 /* Resources */ = {
			isa = PBXResourcesBuildPhase;
			buildActionMask = 2147483647;
			files = (
				B52D8D6D2569827C004F5ED7 /* LaunchScreen.storyboard in Resources */,
				B52D8D6A2569827C004F5ED7 /* Preview Assets.xcassets in Resources */,
				B52D8D672569827C004F5ED7 /* Assets.xcassets in Resources */,
			);
			runOnlyForDeploymentPostprocessing = 0;
		};
/* End PBXResourcesBuildPhase section */

/* Begin PBXShellScriptBuildPhase section */
		0D32D474F1A35FADA1C37C00 /* [CP] Check Pods Manifest.lock */ = {
			isa = PBXShellScriptBuildPhase;
			buildActionMask = 2147483647;
			files = (
			);
			inputFileListPaths = (
			);
			inputPaths = (
				"${PODS_PODFILE_DIR_PATH}/Podfile.lock",
				"${PODS_ROOT}/Manifest.lock",
			);
			name = "[CP] Check Pods Manifest.lock";
			outputFileListPaths = (
			);
			outputPaths = (
				"$(DERIVED_FILE_DIR)/Pods-DotrixGames-checkManifestLockResult.txt",
			);
			runOnlyForDeploymentPostprocessing = 0;
			shellPath = /bin/sh;
			shellScript = "diff \"${PODS_PODFILE_DIR_PATH}/Podfile.lock\" \"${PODS_ROOT}/Manifest.lock\" > /dev/null\nif [ $? != 0 ] ; then\n    # print error to STDERR\n    echo \"error: The sandbox is not in sync with the Podfile.lock. Run 'pod install' or update your CocoaPods installation.\" >&2\n    exit 1\nfi\n# This output is used by Xcode 'outputs' to avoid re-running this script phase.\necho \"SUCCESS\" > \"${SCRIPT_OUTPUT_FILE_0}\"\n";
			showEnvVarsInLog = 0;
		};
		833E367637B8FCC80620D083 /* [CP] Embed Pods Frameworks */ = {
			isa = PBXShellScriptBuildPhase;
			buildActionMask = 2147483647;
			files = (
			);
			inputFileListPaths = (
				"${PODS_ROOT}/Target Support Files/Pods-DotrixGames/Pods-DotrixGames-frameworks-${CONFIGURATION}-input-files.xcfilelist",
			);
			name = "[CP] Embed Pods Frameworks";
			outputFileListPaths = (
				"${PODS_ROOT}/Target Support Files/Pods-DotrixGames/Pods-DotrixGames-frameworks-${CONFIGURATION}-output-files.xcfilelist",
			);
			runOnlyForDeploymentPostprocessing = 0;
			shellPath = /bin/sh;
			shellScript = "\"${PODS_ROOT}/Target Support Files/Pods-DotrixGames/Pods-DotrixGames-frameworks.sh\"\n";
			showEnvVarsInLog = 0;
		};
/* End PBXShellScriptBuildPhase section */

/* Begin PBXSourcesBuildPhase section */
		B52D8D592569827B004F5ED7 /* Sources */ = {
			isa = PBXSourcesBuildPhase;
			buildActionMask = 2147483647;
			files = (
				B7225A2B256EF19F0093F5C6 /* LoginView.swift in Sources */,
				B52E83D425B4667300CC8F44 /* ViewForShowingEventList.swift in Sources */,
				B5389B792573D45400FA2404 /* ViewForAddingNewEvent.swift in Sources */,
				B52E83D025B4415900CC8F44 /* EventListModel.swift in Sources */,
				B562DF8525E58BB5003DD83E /* EventFetcher.swift in Sources */,
				B5824AC0264839F000E571E0 /* EventsNavigationController.swift in Sources */,
				B563F83A264C7ED400DE0E50 /* EventDatePickerView.swift in Sources */,
				B5916F7125E71C760086C479 /* AddNewEventView.swift in Sources */,
				B5FAE5CA258FFC1900AFDADE /* SignUp.swift in Sources */,
				B58CE41D261B7CA50066BCAD /* MyEventsViewModel.swift in Sources */,
				B5389B812573DAAE00FA2404 /* LoginModel.swift in Sources */,
				B52D8D612569827B004F5ED7 /* AppDelegate.swift in Sources */,
				B5A7833A25E4731800018767 /* DisplayEventView.swift in Sources */,
				B5439733256B25D100413283 /* MapModelView.swift in Sources */,
				B52C4A8A25DDB04900F19C0C /* EventObject.swift in Sources */,
				B552DD71257856BF00374A5D /* LoginViewController.swift in Sources */,
				B52DE4C525DF1CF200C83BF3 /* AddNewEventViewModel.swift in Sources */,
				B58232922610BC6100D043F2 /* MyEventsList.swift in Sources */,
				B7D154A52584CD620070759B /* CalendarView.swift in Sources */,
				B52E83D225B4575F00CC8F44 /* EventListViewModel.swift in Sources */,
				B52D054825705B4000526B23 /* RegistrationView.swift in Sources */,
				B52C4A8E25DDB6C700F19C0C /* EventStorage.swift in Sources */,
				B52D8D632569827B004F5ED7 /* SceneDelegate.swift in Sources */,
				B7D154AC2584CFD30070759B /* AuthorizaionManager.swift in Sources */,
				B58ACDA0262785820072404F /* EditEvent.swift in Sources */,
				B5389B7F2573D79F00FA2404 /* MapView.swift in Sources */,
				B52DE4C325DF1C5500C83BF3 /* ModelAddNewEventView.swift in Sources */,
				B59F75AF26515A2F0015978D /* MultiLineTextField.swift in Sources */,
				B52C4A8C25DDB47400F19C0C /* testView.swift in Sources */,
				B52D8D652569827B004F5ED7 /* ContentView.swift in Sources */,
				B7225A23256EED3E0093F5C6 /* ParseClientConfigurator.swift in Sources */,
			);
			runOnlyForDeploymentPostprocessing = 0;
		};
/* End PBXSourcesBuildPhase section */

/* Begin PBXVariantGroup section */
		B52D8D6B2569827C004F5ED7 /* LaunchScreen.storyboard */ = {
			isa = PBXVariantGroup;
			children = (
				B52D8D6C2569827C004F5ED7 /* Base */,
			);
			name = LaunchScreen.storyboard;
			sourceTree = "<group>";
		};
/* End PBXVariantGroup section */

/* Begin XCBuildConfiguration section */
		B52D8D6F2569827C004F5ED7 /* Debug */ = {
			isa = XCBuildConfiguration;
			buildSettings = {
				ALWAYS_SEARCH_USER_PATHS = NO;
				CLANG_ANALYZER_NONNULL = YES;
				CLANG_ANALYZER_NUMBER_OBJECT_CONVERSION = YES_AGGRESSIVE;
				CLANG_CXX_LANGUAGE_STANDARD = "gnu++14";
				CLANG_CXX_LIBRARY = "libc++";
				CLANG_ENABLE_MODULES = YES;
				CLANG_ENABLE_OBJC_ARC = YES;
				CLANG_ENABLE_OBJC_WEAK = YES;
				CLANG_WARN_BLOCK_CAPTURE_AUTORELEASING = YES;
				CLANG_WARN_BOOL_CONVERSION = YES;
				CLANG_WARN_COMMA = YES;
				CLANG_WARN_CONSTANT_CONVERSION = YES;
				CLANG_WARN_DEPRECATED_OBJC_IMPLEMENTATIONS = YES;
				CLANG_WARN_DIRECT_OBJC_ISA_USAGE = YES_ERROR;
				CLANG_WARN_DOCUMENTATION_COMMENTS = YES;
				CLANG_WARN_EMPTY_BODY = YES;
				CLANG_WARN_ENUM_CONVERSION = YES;
				CLANG_WARN_INFINITE_RECURSION = YES;
				CLANG_WARN_INT_CONVERSION = YES;
				CLANG_WARN_NON_LITERAL_NULL_CONVERSION = YES;
				CLANG_WARN_OBJC_IMPLICIT_RETAIN_SELF = YES;
				CLANG_WARN_OBJC_LITERAL_CONVERSION = YES;
				CLANG_WARN_OBJC_ROOT_CLASS = YES_ERROR;
				CLANG_WARN_QUOTED_INCLUDE_IN_FRAMEWORK_HEADER = YES;
				CLANG_WARN_RANGE_LOOP_ANALYSIS = YES;
				CLANG_WARN_STRICT_PROTOTYPES = YES;
				CLANG_WARN_SUSPICIOUS_MOVE = YES;
				CLANG_WARN_UNGUARDED_AVAILABILITY = YES_AGGRESSIVE;
				CLANG_WARN_UNREACHABLE_CODE = YES;
				CLANG_WARN__DUPLICATE_METHOD_MATCH = YES;
				COPY_PHASE_STRIP = NO;
				DEBUG_INFORMATION_FORMAT = dwarf;
				ENABLE_STRICT_OBJC_MSGSEND = YES;
				ENABLE_TESTABILITY = YES;
				"EXCLUDED_ARCHS[sdk=*]" = arm64;
				GCC_C_LANGUAGE_STANDARD = gnu11;
				GCC_DYNAMIC_NO_PIC = NO;
				GCC_NO_COMMON_BLOCKS = YES;
				GCC_OPTIMIZATION_LEVEL = 0;
				GCC_PREPROCESSOR_DEFINITIONS = (
					"DEBUG=1",
					"$(inherited)",
				);
				GCC_WARN_64_TO_32_BIT_CONVERSION = YES;
				GCC_WARN_ABOUT_RETURN_TYPE = YES_ERROR;
				GCC_WARN_UNDECLARED_SELECTOR = YES;
				GCC_WARN_UNINITIALIZED_AUTOS = YES_AGGRESSIVE;
				GCC_WARN_UNUSED_FUNCTION = YES;
				GCC_WARN_UNUSED_VARIABLE = YES;
				IPHONEOS_DEPLOYMENT_TARGET = 14.1;
				MTL_ENABLE_DEBUG_INFO = INCLUDE_SOURCE;
				MTL_FAST_MATH = YES;
				ONLY_ACTIVE_ARCH = YES;
				SDKROOT = iphoneos;
				SWIFT_ACTIVE_COMPILATION_CONDITIONS = DEBUG;
				SWIFT_OPTIMIZATION_LEVEL = "-Onone";
			};
			name = Debug;
		};
		B52D8D702569827C004F5ED7 /* Release */ = {
			isa = XCBuildConfiguration;
			buildSettings = {
				ALWAYS_SEARCH_USER_PATHS = NO;
				CLANG_ANALYZER_NONNULL = YES;
				CLANG_ANALYZER_NUMBER_OBJECT_CONVERSION = YES_AGGRESSIVE;
				CLANG_CXX_LANGUAGE_STANDARD = "gnu++14";
				CLANG_CXX_LIBRARY = "libc++";
				CLANG_ENABLE_MODULES = YES;
				CLANG_ENABLE_OBJC_ARC = YES;
				CLANG_ENABLE_OBJC_WEAK = YES;
				CLANG_WARN_BLOCK_CAPTURE_AUTORELEASING = YES;
				CLANG_WARN_BOOL_CONVERSION = YES;
				CLANG_WARN_COMMA = YES;
				CLANG_WARN_CONSTANT_CONVERSION = YES;
				CLANG_WARN_DEPRECATED_OBJC_IMPLEMENTATIONS = YES;
				CLANG_WARN_DIRECT_OBJC_ISA_USAGE = YES_ERROR;
				CLANG_WARN_DOCUMENTATION_COMMENTS = YES;
				CLANG_WARN_EMPTY_BODY = YES;
				CLANG_WARN_ENUM_CONVERSION = YES;
				CLANG_WARN_INFINITE_RECURSION = YES;
				CLANG_WARN_INT_CONVERSION = YES;
				CLANG_WARN_NON_LITERAL_NULL_CONVERSION = YES;
				CLANG_WARN_OBJC_IMPLICIT_RETAIN_SELF = YES;
				CLANG_WARN_OBJC_LITERAL_CONVERSION = YES;
				CLANG_WARN_OBJC_ROOT_CLASS = YES_ERROR;
				CLANG_WARN_QUOTED_INCLUDE_IN_FRAMEWORK_HEADER = YES;
				CLANG_WARN_RANGE_LOOP_ANALYSIS = YES;
				CLANG_WARN_STRICT_PROTOTYPES = YES;
				CLANG_WARN_SUSPICIOUS_MOVE = YES;
				CLANG_WARN_UNGUARDED_AVAILABILITY = YES_AGGRESSIVE;
				CLANG_WARN_UNREACHABLE_CODE = YES;
				CLANG_WARN__DUPLICATE_METHOD_MATCH = YES;
				COPY_PHASE_STRIP = NO;
				DEBUG_INFORMATION_FORMAT = "dwarf-with-dsym";
				ENABLE_NS_ASSERTIONS = NO;
				ENABLE_STRICT_OBJC_MSGSEND = YES;
				"EXCLUDED_ARCHS[sdk=*]" = arm64;
				GCC_C_LANGUAGE_STANDARD = gnu11;
				GCC_NO_COMMON_BLOCKS = YES;
				GCC_WARN_64_TO_32_BIT_CONVERSION = YES;
				GCC_WARN_ABOUT_RETURN_TYPE = YES_ERROR;
				GCC_WARN_UNDECLARED_SELECTOR = YES;
				GCC_WARN_UNINITIALIZED_AUTOS = YES_AGGRESSIVE;
				GCC_WARN_UNUSED_FUNCTION = YES;
				GCC_WARN_UNUSED_VARIABLE = YES;
				IPHONEOS_DEPLOYMENT_TARGET = 14.1;
				MTL_ENABLE_DEBUG_INFO = NO;
				MTL_FAST_MATH = YES;
				SDKROOT = iphoneos;
				SWIFT_COMPILATION_MODE = wholemodule;
				SWIFT_OPTIMIZATION_LEVEL = "-O";
				VALIDATE_PRODUCT = YES;
			};
			name = Release;
		};
		B52D8D722569827C004F5ED7 /* Debug */ = {
			isa = XCBuildConfiguration;
			baseConfigurationReference = 84EA523E8E43E800E9EE1D70 /* Pods-DotrixGames.debug.xcconfig */;
			buildSettings = {
				ASSETCATALOG_COMPILER_APPICON_NAME = AppIcon;
				CODE_SIGN_STYLE = Automatic;
				DEVELOPMENT_ASSET_PATHS = "\"DotrixGames/Preview Content\"";
				DEVELOPMENT_TEAM = "";
				ENABLE_PREVIEWS = YES;
				INFOPLIST_FILE = DotrixGames/Info.plist;
				LD_RUNPATH_SEARCH_PATHS = (
					"$(inherited)",
					"@executable_path/Frameworks",
				);
				PRODUCT_BUNDLE_IDENTIFIER = com.gmail.rafaljankowski7.DotrixGames;
				PRODUCT_NAME = "$(TARGET_NAME)";
				SWIFT_VERSION = 5.0;
				TARGETED_DEVICE_FAMILY = "1,2";
			};
			name = Debug;
		};
		B52D8D732569827C004F5ED7 /* Release */ = {
			isa = XCBuildConfiguration;
			baseConfigurationReference = 7D1FA00DC095A6005FAC1F9B /* Pods-DotrixGames.release.xcconfig */;
			buildSettings = {
				ASSETCATALOG_COMPILER_APPICON_NAME = AppIcon;
				CODE_SIGN_STYLE = Automatic;
				DEVELOPMENT_ASSET_PATHS = "\"DotrixGames/Preview Content\"";
				DEVELOPMENT_TEAM = "";
				ENABLE_PREVIEWS = YES;
				INFOPLIST_FILE = DotrixGames/Info.plist;
				LD_RUNPATH_SEARCH_PATHS = (
					"$(inherited)",
					"@executable_path/Frameworks",
				);
				PRODUCT_BUNDLE_IDENTIFIER = com.gmail.rafaljankowski7.DotrixGames;
				PRODUCT_NAME = "$(TARGET_NAME)";
				SWIFT_VERSION = 5.0;
				TARGETED_DEVICE_FAMILY = "1,2";
			};
			name = Release;
		};
/* End XCBuildConfiguration section */

/* Begin XCConfigurationList section */
		B52D8D582569827B004F5ED7 /* Build configuration list for PBXProject "DotrixGames" */ = {
			isa = XCConfigurationList;
			buildConfigurations = (
				B52D8D6F2569827C004F5ED7 /* Debug */,
				B52D8D702569827C004F5ED7 /* Release */,
			);
			defaultConfigurationIsVisible = 0;
			defaultConfigurationName = Release;
		};
		B52D8D712569827C004F5ED7 /* Build configuration list for PBXNativeTarget "DotrixGames" */ = {
			isa = XCConfigurationList;
			buildConfigurations = (
				B52D8D722569827C004F5ED7 /* Debug */,
				B52D8D732569827C004F5ED7 /* Release */,
			);
			defaultConfigurationIsVisible = 0;
			defaultConfigurationName = Release;
		};
/* End XCConfigurationList section */

/* Begin XCRemoteSwiftPackageReference section */
		B7D1549C2584CD3A0070759B /* XCRemoteSwiftPackageReference "ElegantCalendar" */ = {
			isa = XCRemoteSwiftPackageReference;
			repositoryURL = "https://github.com/ThasianX/ElegantCalendar";
			requirement = {
				kind = upToNextMajorVersion;
				minimumVersion = 4.3.1;
			};
		};
/* End XCRemoteSwiftPackageReference section */

/* Begin XCSwiftPackageProductDependency section */
		B7D1549D2584CD3A0070759B /* ElegantCalendar */ = {
			isa = XCSwiftPackageProductDependency;
			package = B7D1549C2584CD3A0070759B /* XCRemoteSwiftPackageReference "ElegantCalendar" */;
			productName = ElegantCalendar;
		};
/* End XCSwiftPackageProductDependency section */
	};
	rootObject = B52D8D552569827B004F5ED7 /* Project object */;
}
