// !$*UTF8*$!
{
	archiveVersion = 1;
	classes = {
	};
	objectVersion = 51;
	objects = {

/* Begin PBXBuildFile section */
		1EA5B0D9694DAC5B12855C3B /* Pods_DotrixGames.framework in Frameworks */ = {isa = PBXBuildFile; fileRef = A5221EF99761458B15F953CE /* Pods_DotrixGames.framework */; };
		B52D054825705B4000526B23 /* RegistrationView.swift in Sources */ = {isa = PBXBuildFile; fileRef = B52D054725705B4000526B23 /* RegistrationView.swift */; };
		B52D8D612569827B004F5ED7 /* AppDelegate.swift in Sources */ = {isa = PBXBuildFile; fileRef = B52D8D602569827B004F5ED7 /* AppDelegate.swift */; };
		B52D8D632569827B004F5ED7 /* SceneDelegate.swift in Sources */ = {isa = PBXBuildFile; fileRef = B52D8D622569827B004F5ED7 /* SceneDelegate.swift */; };
		B52D8D652569827B004F5ED7 /* ContentView.swift in Sources */ = {isa = PBXBuildFile; fileRef = B52D8D642569827B004F5ED7 /* ContentView.swift */; };
		B52D8D672569827C004F5ED7 /* Assets.xcassets in Resources */ = {isa = PBXBuildFile; fileRef = B52D8D662569827C004F5ED7 /* Assets.xcassets */; };
		B52D8D6A2569827C004F5ED7 /* Preview Assets.xcassets in Resources */ = {isa = PBXBuildFile; fileRef = B52D8D692569827C004F5ED7 /* Preview Assets.xcassets */; };
		B52D8D6D2569827C004F5ED7 /* LaunchScreen.storyboard in Resources */ = {isa = PBXBuildFile; fileRef = B52D8D6B2569827C004F5ED7 /* LaunchScreen.storyboard */; };
		B5439733256B25D100413283 /* MapView.swift in Sources */ = {isa = PBXBuildFile; fileRef = B5439732256B25D100413283 /* MapView.swift */; };
		B7225A23256EED3E0093F5C6 /* ParseClientConfigurator.swift in Sources */ = {isa = PBXBuildFile; fileRef = B7225A22256EED3E0093F5C6 /* ParseClientConfigurator.swift */; };
		B7225A2B256EF19F0093F5C6 /* LoginView.swift in Sources */ = {isa = PBXBuildFile; fileRef = B7225A2A256EF19F0093F5C6 /* LoginView.swift */; };
/* End PBXBuildFile section */

/* Begin PBXFileReference section */
		7D1FA00DC095A6005FAC1F9B /* Pods-DotrixGames.release.xcconfig */ = {isa = PBXFileReference; includeInIndex = 1; lastKnownFileType = text.xcconfig; name = "Pods-DotrixGames.release.xcconfig"; path = "Target Support Files/Pods-DotrixGames/Pods-DotrixGames.release.xcconfig"; sourceTree = "<group>"; };
		84EA523E8E43E800E9EE1D70 /* Pods-DotrixGames.debug.xcconfig */ = {isa = PBXFileReference; includeInIndex = 1; lastKnownFileType = text.xcconfig; name = "Pods-DotrixGames.debug.xcconfig"; path = "Target Support Files/Pods-DotrixGames/Pods-DotrixGames.debug.xcconfig"; sourceTree = "<group>"; };
		A5221EF99761458B15F953CE /* Pods_DotrixGames.framework */ = {isa = PBXFileReference; explicitFileType = wrapper.framework; includeInIndex = 0; path = Pods_DotrixGames.framework; sourceTree = BUILT_PRODUCTS_DIR; };
		B52D054725705B4000526B23 /* RegistrationView.swift */ = {isa = PBXFileReference; lastKnownFileType = sourcecode.swift; path = RegistrationView.swift; sourceTree = "<group>"; };
		B52D8D5D2569827B004F5ED7 /* DotrixGames.app */ = {isa = PBXFileReference; explicitFileType = wrapper.application; includeInIndex = 0; path = DotrixGames.app; sourceTree = BUILT_PRODUCTS_DIR; };
		B52D8D602569827B004F5ED7 /* AppDelegate.swift */ = {isa = PBXFileReference; lastKnownFileType = sourcecode.swift; path = AppDelegate.swift; sourceTree = "<group>"; };
		B52D8D622569827B004F5ED7 /* SceneDelegate.swift */ = {isa = PBXFileReference; lastKnownFileType = sourcecode.swift; path = SceneDelegate.swift; sourceTree = "<group>"; };
		B52D8D642569827B004F5ED7 /* ContentView.swift */ = {isa = PBXFileReference; lastKnownFileType = sourcecode.swift; path = ContentView.swift; sourceTree = "<group>"; };
		B52D8D662569827C004F5ED7 /* Assets.xcassets */ = {isa = PBXFileReference; lastKnownFileType = folder.assetcatalog; path = Assets.xcassets; sourceTree = "<group>"; };
		B52D8D692569827C004F5ED7 /* Preview Assets.xcassets */ = {isa = PBXFileReference; lastKnownFileType = folder.assetcatalog; path = "Preview Assets.xcassets"; sourceTree = "<group>"; };
		B52D8D6C2569827C004F5ED7 /* Base */ = {isa = PBXFileReference; lastKnownFileType = file.storyboard; name = Base; path = Base.lproj/LaunchScreen.storyboard; sourceTree = "<group>"; };
		B52D8D6E2569827C004F5ED7 /* Info.plist */ = {isa = PBXFileReference; lastKnownFileType = text.plist.xml; path = Info.plist; sourceTree = "<group>"; };
		B5439732256B25D100413283 /* MapView.swift */ = {isa = PBXFileReference; lastKnownFileType = sourcecode.swift; path = MapView.swift; sourceTree = "<group>"; };
		B7225A22256EED3E0093F5C6 /* ParseClientConfigurator.swift */ = {isa = PBXFileReference; lastKnownFileType = sourcecode.swift; path = ParseClientConfigurator.swift; sourceTree = "<group>"; };
		B7225A2A256EF19F0093F5C6 /* LoginView.swift */ = {isa = PBXFileReference; lastKnownFileType = sourcecode.swift; path = LoginView.swift; sourceTree = "<group>"; };
/* End PBXFileReference section */

/* Begin PBXFrameworksBuildPhase section */
		B52D8D5A2569827B004F5ED7 /* Frameworks */ = {
			isa = PBXFrameworksBuildPhase;
			buildActionMask = 2147483647;
			files = (
				1EA5B0D9694DAC5B12855C3B /* Pods_DotrixGames.framework in Frameworks */,
			);
			runOnlyForDeploymentPostprocessing = 0;
		};
/* End PBXFrameworksBuildPhase section */

/* Begin PBXGroup section */
		342E7222D9AC6BE3E53F4056 /* Pods */ = {
			isa = PBXGroup;
			children = (
				84EA523E8E43E800E9EE1D70 /* Pods-DotrixGames.debug.xcconfig */,
				7D1FA00DC095A6005FAC1F9B /* Pods-DotrixGames.release.xcconfig */,
			);
			path = Pods;
			sourceTree = "<group>";
		};
		B52D8D542569827B004F5ED7 = {
			isa = PBXGroup;
			children = (
				B52D8D5F2569827B004F5ED7 /* DotrixGames */,
				B52D8D5E2569827B004F5ED7 /* Products */,
				342E7222D9AC6BE3E53F4056 /* Pods */,
				E194E2FA82EC40E821F3EE62 /* Frameworks */,
			);
			sourceTree = "<group>";
		};
		B52D8D5E2569827B004F5ED7 /* Products */ = {
			isa = PBXGroup;
			children = (
				B52D8D5D2569827B004F5ED7 /* DotrixGames.app */,
			);
			name = Products;
			sourceTree = "<group>";
		};
		B52D8D5F2569827B004F5ED7 /* DotrixGames */ = {
			isa = PBXGroup;
			children = (
				B7225A25256EF15E0093F5C6 /* Login */,
				B7225A1F256EECED0093F5C6 /* Networking */,
				B52D8D602569827B004F5ED7 /* AppDelegate.swift */,
				B52D8D622569827B004F5ED7 /* SceneDelegate.swift */,
				B52D8D642569827B004F5ED7 /* ContentView.swift */,
				B5439732256B25D100413283 /* MapView.swift */,
				B52D8D662569827C004F5ED7 /* Assets.xcassets */,
				B52D8D6B2569827C004F5ED7 /* LaunchScreen.storyboard */,
				B52D8D6E2569827C004F5ED7 /* Info.plist */,
				B52D8D682569827C004F5ED7 /* Preview Content */,
			);
			path = DotrixGames;
			sourceTree = "<group>";
		};
		B52D8D682569827C004F5ED7 /* Preview Content */ = {
			isa = PBXGroup;
			children = (
				B52D8D692569827C004F5ED7 /* Preview Assets.xcassets */,
			);
			path = "Preview Content";
			sourceTree = "<group>";
		};
		B7225A1F256EECED0093F5C6 /* Networking */ = {
			isa = PBXGroup;
			children = (
				B7225A22256EED3E0093F5C6 /* ParseClientConfigurator.swift */,
			);
			path = Networking;
			sourceTree = "<group>";
		};
		B7225A25256EF15E0093F5C6 /* Login */ = {
			isa = PBXGroup;
			children = (
				B7225A2A256EF19F0093F5C6 /* LoginView.swift */,
				B52D054725705B4000526B23 /* RegistrationView.swift */,
			);
			path = Login;
			sourceTree = "<group>";
		};
		E194E2FA82EC40E821F3EE62 /* Frameworks */ = {
			isa = PBXGroup;
			children = (
				A5221EF99761458B15F953CE /* Pods_DotrixGames.framework */,
			);
			name = Frameworks;
			sourceTree = "<group>";
		};
/* End PBXGroup section */

/* Begin PBXNativeTarget section */
		B52D8D5C2569827B004F5ED7 /* DotrixGames */ = {
			isa = PBXNativeTarget;
			buildConfigurationList = B52D8D712569827C004F5ED7 /* Build configuration list for PBXNativeTarget "DotrixGames" */;
			buildPhases = (
				0D32D474F1A35FADA1C37C00 /* [CP] Check Pods Manifest.lock */,
				B52D8D592569827B004F5ED7 /* Sources */,
				B52D8D5A2569827B004F5ED7 /* Frameworks */,
				B52D8D5B2569827B004F5ED7 /* Resources */,
				833E367637B8FCC80620D083 /* [CP] Embed Pods Frameworks */,
			);
			buildRules = (
			);
			dependencies = (
			);
			name = DotrixGames;
			productName = DotrixGames;
			productReference = B52D8D5D2569827B004F5ED7 /* DotrixGames.app */;
			productType = "com.apple.product-type.application";
		};
/* End PBXNativeTarget section */

/* Begin PBXProject section */
		B52D8D552569827B004F5ED7 /* Project object */ = {
			isa = PBXProject;
			attributes = {
				LastSwiftUpdateCheck = 1160;
				LastUpgradeCheck = 1160;
				ORGANIZATIONNAME = RafalDX;
				TargetAttributes = {
					B52D8D5C2569827B004F5ED7 = {
						CreatedOnToolsVersion = 11.6;
					};
				};
			};
			buildConfigurationList = B52D8D582569827B004F5ED7 /* Build configuration list for PBXProject "DotrixGames" */;
			compatibilityVersion = "Xcode 9.3";
			developmentRegion = en;
			hasScannedForEncodings = 0;
			knownRegions = (
				en,
				Base,
			);
			mainGroup = B52D8D542569827B004F5ED7;
			productRefGroup = B52D8D5E2569827B004F5ED7 /* Products */;
			projectDirPath = "";
			projectRoot = "";
			targets = (
				B52D8D5C2569827B004F5ED7 /* DotrixGames */,
			);
		};
/* End PBXProject section */

/* Begin PBXResourcesBuildPhase section */
		B52D8D5B2569827B004F5ED7 /* Resources */ = {
			isa = PBXResourcesBuildPhase;
			buildActionMask = 2147483647;
			files = (
				B52D8D6D2569827C004F5ED7 /* LaunchScreen.storyboard in Resources */,
				B52D8D6A2569827C004F5ED7 /* Preview Assets.xcassets in Resources */,
				B52D8D672569827C004F5ED7 /* Assets.xcassets in Resources */,
			);
			runOnlyForDeploymentPostprocessing = 0;
		};
/* End PBXResourcesBuildPhase section */

/* Begin PBXShellScriptBuildPhase section */
		0D32D474F1A35FADA1C37C00 /* [CP] Check Pods Manifest.lock */ = {
			isa = PBXShellScriptBuildPhase;
			buildActionMask = 2147483647;
			files = (
			);
			inputFileListPaths = (
			);
			inputPaths = (
				"${PODS_PODFILE_DIR_PATH}/Podfile.lock",
				"${PODS_ROOT}/Manifest.lock",
			);
			name = "[CP] Check Pods Manifest.lock";
			outputFileListPaths = (
			);
			outputPaths = (
				"$(DERIVED_FILE_DIR)/Pods-DotrixGames-checkManifestLockResult.txt",
			);
			runOnlyForDeploymentPostprocessing = 0;
			shellPath = /bin/sh;
			shellScript = "diff \"${PODS_PODFILE_DIR_PATH}/Podfile.lock\" \"${PODS_ROOT}/Manifest.lock\" > /dev/null\nif [ $? != 0 ] ; then\n    # print error to STDERR\n    echo \"error: The sandbox is not in sync with the Podfile.lock. Run 'pod install' or update your CocoaPods installation.\" >&2\n    exit 1\nfi\n# This output is used by Xcode 'outputs' to avoid re-running this script phase.\necho \"SUCCESS\" > \"${SCRIPT_OUTPUT_FILE_0}\"\n";
			showEnvVarsInLog = 0;
		};
		833E367637B8FCC80620D083 /* [CP] Embed Pods Frameworks */ = {
			isa = PBXShellScriptBuildPhase;
			buildActionMask = 2147483647;
			files = (
			);
			inputFileListPaths = (
				"${PODS_ROOT}/Target Support Files/Pods-DotrixGames/Pods-DotrixGames-frameworks-${CONFIGURATION}-input-files.xcfilelist",
			);
			name = "[CP] Embed Pods Frameworks";
			outputFileListPaths = (
				"${PODS_ROOT}/Target Support Files/Pods-DotrixGames/Pods-DotrixGames-frameworks-${CONFIGURATION}-output-files.xcfilelist",
			);
			runOnlyForDeploymentPostprocessing = 0;
			shellPath = /bin/sh;
			shellScript = "\"${PODS_ROOT}/Target Support Files/Pods-DotrixGames/Pods-DotrixGames-frameworks.sh\"\n";
			showEnvVarsInLog = 0;
		};
/* End PBXShellScriptBuildPhase section */

/* Begin PBXSourcesBuildPhase section */
		B52D8D592569827B004F5ED7 /* Sources */ = {
			isa = PBXSourcesBuildPhase;
			buildActionMask = 2147483647;
			files = (
				B7225A2B256EF19F0093F5C6 /* LoginView.swift in Sources */,
				B52D8D612569827B004F5ED7 /* AppDelegate.swift in Sources */,
				B5439733256B25D100413283 /* MapView.swift in Sources */,
				B52D054825705B4000526B23 /* RegistrationView.swift in Sources */,
				B52D8D632569827B004F5ED7 /* SceneDelegate.swift in Sources */,
				B52D8D652569827B004F5ED7 /* ContentView.swift in Sources */,
				B7225A23256EED3E0093F5C6 /* ParseClientConfigurator.swift in Sources */,
			);
			runOnlyForDeploymentPostprocessing = 0;
		};
/* End PBXSourcesBuildPhase section */

/* Begin PBXVariantGroup section */
		B52D8D6B2569827C004F5ED7 /* LaunchScreen.storyboard */ = {
			isa = PBXVariantGroup;
			children = (
				B52D8D6C2569827C004F5ED7 /* Base */,
			);
			name = LaunchScreen.storyboard;
			sourceTree = "<group>";
		};
/* End PBXVariantGroup section */

/* Begin XCBuildConfiguration section */
		B52D8D6F2569827C004F5ED7 /* Debug */ = {
			isa = XCBuildConfiguration;
			buildSettings = {
				ALWAYS_SEARCH_USER_PATHS = NO;
				CLANG_ANALYZER_NONNULL = YES;
				CLANG_ANALYZER_NUMBER_OBJECT_CONVERSION = YES_AGGRESSIVE;
				CLANG_CXX_LANGUAGE_STANDARD = "gnu++14";
				CLANG_CXX_LIBRARY = "libc++";
				CLANG_ENABLE_MODULES = YES;
				CLANG_ENABLE_OBJC_ARC = YES;
				CLANG_ENABLE_OBJC_WEAK = YES;
				CLANG_WARN_BLOCK_CAPTURE_AUTORELEASING = YES;
				CLANG_WARN_BOOL_CONVERSION = YES;
				CLANG_WARN_COMMA = YES;
				CLANG_WARN_CONSTANT_CONVERSION = YES;
				CLANG_WARN_DEPRECATED_OBJC_IMPLEMENTATIONS = YES;
				CLANG_WARN_DIRECT_OBJC_ISA_USAGE = YES_ERROR;
				CLANG_WARN_DOCUMENTATION_COMMENTS = YES;
				CLANG_WARN_EMPTY_BODY = YES;
				CLANG_WARN_ENUM_CONVERSION = YES;
				CLANG_WARN_INFINITE_RECURSION = YES;
				CLANG_WARN_INT_CONVERSION = YES;
				CLANG_WARN_NON_LITERAL_NULL_CONVERSION = YES;
				CLANG_WARN_OBJC_IMPLICIT_RETAIN_SELF = YES;
				CLANG_WARN_OBJC_LITERAL_CONVERSION = YES;
				CLANG_WARN_OBJC_ROOT_CLASS = YES_ERROR;
				CLANG_WARN_RANGE_LOOP_ANALYSIS = YES;
				CLANG_WARN_STRICT_PROTOTYPES = YES;
				CLANG_WARN_SUSPICIOUS_MOVE = YES;
				CLANG_WARN_UNGUARDED_AVAILABILITY = YES_AGGRESSIVE;
				CLANG_WARN_UNREACHABLE_CODE = YES;
				CLANG_WARN__DUPLICATE_METHOD_MATCH = YES;
				COPY_PHASE_STRIP = NO;
				DEBUG_INFORMATION_FORMAT = dwarf;
				ENABLE_STRICT_OBJC_MSGSEND = YES;
				ENABLE_TESTABILITY = YES;
				GCC_C_LANGUAGE_STANDARD = gnu11;
				GCC_DYNAMIC_NO_PIC = NO;
				GCC_NO_COMMON_BLOCKS = YES;
				GCC_OPTIMIZATION_LEVEL = 0;
				GCC_PREPROCESSOR_DEFINITIONS = (
					"DEBUG=1",
					"$(inherited)",
				);
				GCC_WARN_64_TO_32_BIT_CONVERSION = YES;
				GCC_WARN_ABOUT_RETURN_TYPE = YES_ERROR;
				GCC_WARN_UNDECLARED_SELECTOR = YES;
				GCC_WARN_UNINITIALIZED_AUTOS = YES_AGGRESSIVE;
				GCC_WARN_UNUSED_FUNCTION = YES;
				GCC_WARN_UNUSED_VARIABLE = YES;
				IPHONEOS_DEPLOYMENT_TARGET = 13.6;
				MTL_ENABLE_DEBUG_INFO = INCLUDE_SOURCE;
				MTL_FAST_MATH = YES;
				ONLY_ACTIVE_ARCH = YES;
				SDKROOT = iphoneos;
				SWIFT_ACTIVE_COMPILATION_CONDITIONS = DEBUG;
				SWIFT_OPTIMIZATION_LEVEL = "-Onone";
			};
			name = Debug;
		};
		B52D8D702569827C004F5ED7 /* Release */ = {
			isa = XCBuildConfiguration;
			buildSettings = {
				ALWAYS_SEARCH_USER_PATHS = NO;
				CLANG_ANALYZER_NONNULL = YES;
				CLANG_ANALYZER_NUMBER_OBJECT_CONVERSION = YES_AGGRESSIVE;
				CLANG_CXX_LANGUAGE_STANDARD = "gnu++14";
				CLANG_CXX_LIBRARY = "libc++";
				CLANG_ENABLE_MODULES = YES;
				CLANG_ENABLE_OBJC_ARC = YES;
				CLANG_ENABLE_OBJC_WEAK = YES;
				CLANG_WARN_BLOCK_CAPTURE_AUTORELEASING = YES;
				CLANG_WARN_BOOL_CONVERSION = YES;
				CLANG_WARN_COMMA = YES;
				CLANG_WARN_CONSTANT_CONVERSION = YES;
				CLANG_WARN_DEPRECATED_OBJC_IMPLEMENTATIONS = YES;
				CLANG_WARN_DIRECT_OBJC_ISA_USAGE = YES_ERROR;
				CLANG_WARN_DOCUMENTATION_COMMENTS = YES;
				CLANG_WARN_EMPTY_BODY = YES;
				CLANG_WARN_ENUM_CONVERSION = YES;
				CLANG_WARN_INFINITE_RECURSION = YES;
				CLANG_WARN_INT_CONVERSION = YES;
				CLANG_WARN_NON_LITERAL_NULL_CONVERSION = YES;
				CLANG_WARN_OBJC_IMPLICIT_RETAIN_SELF = YES;
				CLANG_WARN_OBJC_LITERAL_CONVERSION = YES;
				CLANG_WARN_OBJC_ROOT_CLASS = YES_ERROR;
				CLANG_WARN_RANGE_LOOP_ANALYSIS = YES;
				CLANG_WARN_STRICT_PROTOTYPES = YES;
				CLANG_WARN_SUSPICIOUS_MOVE = YES;
				CLANG_WARN_UNGUARDED_AVAILABILITY = YES_AGGRESSIVE;
				CLANG_WARN_UNREACHABLE_CODE = YES;
				CLANG_WARN__DUPLICATE_METHOD_MATCH = YES;
				COPY_PHASE_STRIP = NO;
				DEBUG_INFORMATION_FORMAT = "dwarf-with-dsym";
				ENABLE_NS_ASSERTIONS = NO;
				ENABLE_STRICT_OBJC_MSGSEND = YES;
				GCC_C_LANGUAGE_STANDARD = gnu11;
				GCC_NO_COMMON_BLOCKS = YES;
				GCC_WARN_64_TO_32_BIT_CONVERSION = YES;
				GCC_WARN_ABOUT_RETURN_TYPE = YES_ERROR;
				GCC_WARN_UNDECLARED_SELECTOR = YES;
				GCC_WARN_UNINITIALIZED_AUTOS = YES_AGGRESSIVE;
				GCC_WARN_UNUSED_FUNCTION = YES;
				GCC_WARN_UNUSED_VARIABLE = YES;
				IPHONEOS_DEPLOYMENT_TARGET = 13.6;
				MTL_ENABLE_DEBUG_INFO = NO;
				MTL_FAST_MATH = YES;
				SDKROOT = iphoneos;
				SWIFT_COMPILATION_MODE = wholemodule;
				SWIFT_OPTIMIZATION_LEVEL = "-O";
				VALIDATE_PRODUCT = YES;
			};
			name = Release;
		};
		B52D8D722569827C004F5ED7 /* Debug */ = {
			isa = XCBuildConfiguration;
			baseConfigurationReference = 84EA523E8E43E800E9EE1D70 /* Pods-DotrixGames.debug.xcconfig */;
			buildSettings = {
				ASSETCATALOG_COMPILER_APPICON_NAME = AppIcon;
				CODE_SIGN_STYLE = Automatic;
				DEVELOPMENT_ASSET_PATHS = "\"DotrixGames/Preview Content\"";
				ENABLE_PREVIEWS = YES;
				INFOPLIST_FILE = DotrixGames/Info.plist;
				LD_RUNPATH_SEARCH_PATHS = (
					"$(inherited)",
					"@executable_path/Frameworks",
				);
				PRODUCT_BUNDLE_IDENTIFIER = com.gmail.rafaljankowski7.DotrixGames;
				PRODUCT_NAME = "$(TARGET_NAME)";
				SWIFT_VERSION = 5.0;
				TARGETED_DEVICE_FAMILY = "1,2";
			};
			name = Debug;
		};
		B52D8D732569827C004F5ED7 /* Release */ = {
			isa = XCBuildConfiguration;
			baseConfigurationReference = 7D1FA00DC095A6005FAC1F9B /* Pods-DotrixGames.release.xcconfig */;
			buildSettings = {
				ASSETCATALOG_COMPILER_APPICON_NAME = AppIcon;
				CODE_SIGN_STYLE = Automatic;
				DEVELOPMENT_ASSET_PATHS = "\"DotrixGames/Preview Content\"";
				ENABLE_PREVIEWS = YES;
				INFOPLIST_FILE = DotrixGames/Info.plist;
				LD_RUNPATH_SEARCH_PATHS = (
					"$(inherited)",
					"@executable_path/Frameworks",
				);
				PRODUCT_BUNDLE_IDENTIFIER = com.gmail.rafaljankowski7.DotrixGames;
				PRODUCT_NAME = "$(TARGET_NAME)";
				SWIFT_VERSION = 5.0;
				TARGETED_DEVICE_FAMILY = "1,2";
			};
			name = Release;
		};
/* End XCBuildConfiguration section */

/* Begin XCConfigurationList section */
		B52D8D582569827B004F5ED7 /* Build configuration list for PBXProject "DotrixGames" */ = {
			isa = XCConfigurationList;
			buildConfigurations = (
				B52D8D6F2569827C004F5ED7 /* Debug */,
				B52D8D702569827C004F5ED7 /* Release */,
			);
			defaultConfigurationIsVisible = 0;
			defaultConfigurationName = Release;
		};
		B52D8D712569827C004F5ED7 /* Build configuration list for PBXNativeTarget "DotrixGames" */ = {
			isa = XCConfigurationList;
			buildConfigurations = (
				B52D8D722569827C004F5ED7 /* Debug */,
				B52D8D732569827C004F5ED7 /* Release */,
			);
			defaultConfigurationIsVisible = 0;
			defaultConfigurationName = Release;
		};
/* End XCConfigurationList section */
	};
	rootObject = B52D8D552569827B004F5ED7 /* Project object */;
}
